
Microsoft Visual Studio Solution File, Format Version 12.00
# Visual Studio Version 17
VisualStudioVersion = 17.4.33110.190
MinimumVisualStudioVersion = 10.0.40219.1
Project("{FAE04EC0-301F-11D3-BF4B-00C04F79EFBC}") = "Monopoly_Mini", "Monopoly_Mini.csproj", "{1F95462A-EDD8-4E1B-92A8-8263CAFAE339}"
EndProject
Global
	GlobalSection(SolutionConfigurationPlatforms) = preSolution
		Debug|Any CPU = Debug|Any CPU
		Release|Any CPU = Release|Any CPU
	EndGlobalSection
	GlobalSection(ProjectConfigurationPlatforms) = postSolution
		{1F95462A-EDD8-4E1B-92A8-8263CAFAE339}.Debug|Any CPU.ActiveCfg = Debug|Any CPU
		{1F95462A-EDD8-4E1B-92A8-8263CAFAE339}.Debug|Any CPU.Build.0 = Debug|Any CPU
		{1F95462A-EDD8-4E1B-92A8-8263CAFAE339}.Release|Any CPU.ActiveCfg = Release|Any CPU
		{1F95462A-EDD8-4E1B-92A8-8263CAFAE339}.Release|Any CPU.Build.0 = Release|Any CPU
	EndGlobalSection
	GlobalSection(SolutionProperties) = preSolution
		HideSolutionNode = FALSE
	EndGlobalSection
	GlobalSection(ExtensibilityGlobals) = postSolution
		SolutionGuid = {6722790E-0292-45C8-B2F9-B1BBD2DF5B92}
	EndGlobalSection
EndGlobal
